<Solution>
  <Folder Name="/src/">
    <Project Path="src/StudentManagement.Application/StudentManagement.Application.csproj" />
    <Project Path="src/StudentManagement.Domain/StudentManagement.Domain.csproj" />
    <Project Path="src/StudentManagement.Infrastructure/StudentManagement.Infrastructure.csproj" />
  </Folder>
  <Project Path="StudentManagement.Tests/StudentManagement.Tests.csproj" />
</Solution>
